Microsoft Visual Studio Solution File, Format Version 12.00
# Visual Studio Version 17
VisualStudioVersion = 17.5.2.0
MinimumVisualStudioVersion = 10.0.40219.1
Project("{FAE04EC0-301F-11D3-BF4B-00C04F79EFBC}") = "assignment-3", "assignment-3\assignment-3.csproj", "{FE520670-4135-1344-89F4-B039B7585108}"
EndProject
Project("{FAE04EC0-301F-11D3-BF4B-00C04F79EFBC}") = "calculator", "calculator\calculator.csproj", "{054F7CB1-05A9-D89F-46D4-3FD428208C29}"
EndProject
Project("{FAE04EC0-301F-11D3-BF4B-00C04F79EFBC}") = "cenciouToFarhenhite", "cenciouToFarhenhite\cenciouToFarhenhite.csproj", "{25FF6098-D79A-EED1-AE07-EDB3D7611427}"
EndProject
Project("{FAE04EC0-301F-11D3-BF4B-00C04F79EFBC}") = "dayOfweek", "dayOfweek\dayOfweek.csproj", "{E37B8ABC-E40E-222E-85F3-201A732E6E97}"
EndProject
Project("{FAE04EC0-301F-11D3-BF4B-00C04F79EFBC}") = "digit-count", "digit-count\digit-count.csproj", "{E5D4A8C8-E122-2E52-FC11-B8F489FFF999}"
EndProject
Project("{2150E333-8FDC-42A3-9474-1A3956D46DE8}") = "even-odd", "even-odd", "{3476D559-3C75-616B-2E7B-2BCF592B89AA}"
EndProject
Project("{FAE04EC0-301F-11D3-BF4B-00C04F79EFBC}") = "findFactorial", "findFactorial\findFactorial.csproj", "{BD221A07-9710-DA3B-F8C8-B7CC18898A8B}"
EndProject
Project("{FAE04EC0-301F-11D3-BF4B-00C04F79EFBC}") = "firstConsoleApp", "firstConsoleApp\firstConsoleApp.csproj", "{42EAB2E1-4446-F2F4-D8C6-863E127679FC}"
EndProject
Project("{FAE04EC0-301F-11D3-BF4B-00C04F79EFBC}") = "grade-calculation", "grade-calculation\grade-calculation.csproj", "{2F27D951-1304-5F45-0499-8AAF9FCF93FE}"
EndProject
Project("{FAE04EC0-301F-11D3-BF4B-00C04F79EFBC}") = "inputValidation", "inputValidation\inputValidation.csproj", "{CC84B15B-69F0-14D4-FEEB-8C0A6C55C9EC}"
EndProject
Project("{FAE04EC0-301F-11D3-BF4B-00C04F79EFBC}") = "mathmatical-operation", "mathmatical-operation\mathmatical-operation.csproj", "{B8228475-A42D-14EE-F7F8-AF5303588658}"
EndProject
Project("{FAE04EC0-301F-11D3-BF4B-00C04F79EFBC}") = "mathmatical-operation-pratice", "mathmatical-operation-pratice\mathmatical-operation-pratice.csproj", "{34A00E8C-199E-CFA6-B5DC-D1DBA25B7C5F}"
EndProject
Project("{FAE04EC0-301F-11D3-BF4B-00C04F79EFBC}") = "namta", "namta\namta.csproj", "{FA8C27C0-384E-63B5-A1E8-3D20281C0323}"
EndProject
Project("{FAE04EC0-301F-11D3-BF4B-00C04F79EFBC}") = "oopConcept", "oopConcept\oopConcept.csproj", "{77CB30ED-20DC-1BFA-3398-53CE039EBE67}"
EndProject
Project("{FAE04EC0-301F-11D3-BF4B-00C04F79EFBC}") = "type-casting", "type-casting\type-casting.csproj", "{2709D57E-0827-03C2-C20B-2D53ACD728D3}"
EndProject
Project("{FAE04EC0-301F-11D3-BF4B-00C04F79EFBC}") = "type-check", "type-check\type-check.csproj", "{71BB2C34-E97F-84AF-9151-DF58B1AAE7CC}"
EndProject
Project("{FAE04EC0-301F-11D3-BF4B-00C04F79EFBC}") = "vowel-consonant", "vowel-consonant\vowel-consonant.csproj", "{B1A5E695-6653-F30B-5113-82D8D75B76D2}"
EndProject
Project("{FAE04EC0-301F-11D3-BF4B-00C04F79EFBC}") = "whileLoop", "whileLoop\whileLoop.csproj", "{5782AEDB-68B2-5CD2-D39C-6BAC655E7693}"
EndProject
Project("{FAE04EC0-301F-11D3-BF4B-00C04F79EFBC}") = "type-check", "even-odd\type-check.csproj", "{C38F90B3-02E7-9C21-C832-71204C98E78C}"
EndProject
Global
	GlobalSection(SolutionConfigurationPlatforms) = preSolution
		Debug|Any CPU = Debug|Any CPU
		Release|Any CPU = Release|Any CPU
	EndGlobalSection
	GlobalSection(ProjectConfigurationPlatforms) = postSolution
		{FE520670-4135-1344-89F4-B039B7585108}.Debug|Any CPU.ActiveCfg = Debug|Any CPU
		{FE520670-4135-1344-89F4-B039B7585108}.Debug|Any CPU.Build.0 = Debug|Any CPU
		{FE520670-4135-1344-89F4-B039B7585108}.Release|Any CPU.ActiveCfg = Release|Any CPU
		{FE520670-4135-1344-89F4-B039B7585108}.Release|Any CPU.Build.0 = Release|Any CPU
		{054F7CB1-05A9-D89F-46D4-3FD428208C29}.Debug|Any CPU.ActiveCfg = Debug|Any CPU
		{054F7CB1-05A9-D89F-46D4-3FD428208C29}.Debug|Any CPU.Build.0 = Debug|Any CPU
		{054F7CB1-05A9-D89F-46D4-3FD428208C29}.Release|Any CPU.ActiveCfg = Release|Any CPU
		{054F7CB1-05A9-D89F-46D4-3FD428208C29}.Release|Any CPU.Build.0 = Release|Any CPU
		{25FF6098-D79A-EED1-AE07-EDB3D7611427}.Debug|Any CPU.ActiveCfg = Debug|Any CPU
		{25FF6098-D79A-EED1-AE07-EDB3D7611427}.Debug|Any CPU.Build.0 = Debug|Any CPU
		{25FF6098-D79A-EED1-AE07-EDB3D7611427}.Release|Any CPU.ActiveCfg = Release|Any CPU
		{25FF6098-D79A-EED1-AE07-EDB3D7611427}.Release|Any CPU.Build.0 = Release|Any CPU
		{E37B8ABC-E40E-222E-85F3-201A732E6E97}.Debug|Any CPU.ActiveCfg = Debug|Any CPU
		{E37B8ABC-E40E-222E-85F3-201A732E6E97}.Debug|Any CPU.Build.0 = Debug|Any CPU
		{E37B8ABC-E40E-222E-85F3-201A732E6E97}.Release|Any CPU.ActiveCfg = Release|Any CPU
		{E37B8ABC-E40E-222E-85F3-201A732E6E97}.Release|Any CPU.Build.0 = Release|Any CPU
		{E5D4A8C8-E122-2E52-FC11-B8F489FFF999}.Debug|Any CPU.ActiveCfg = Debug|Any CPU
		{E5D4A8C8-E122-2E52-FC11-B8F489FFF999}.Debug|Any CPU.Build.0 = Debug|Any CPU
		{E5D4A8C8-E122-2E52-FC11-B8F489FFF999}.Release|Any CPU.ActiveCfg = Release|Any CPU
		{E5D4A8C8-E122-2E52-FC11-B8F489FFF999}.Release|Any CPU.Build.0 = Release|Any CPU
		{BD221A07-9710-DA3B-F8C8-B7CC18898A8B}.Debug|Any CPU.ActiveCfg = Debug|Any CPU
		{BD221A07-9710-DA3B-F8C8-B7CC18898A8B}.Debug|Any CPU.Build.0 = Debug|Any CPU
		{BD221A07-9710-DA3B-F8C8-B7CC18898A8B}.Release|Any CPU.ActiveCfg = Release|Any CPU
		{BD221A07-9710-DA3B-F8C8-B7CC18898A8B}.Release|Any CPU.Build.0 = Release|Any CPU
		{42EAB2E1-4446-F2F4-D8C6-863E127679FC}.Debug|Any CPU.ActiveCfg = Debug|Any CPU
		{42EAB2E1-4446-F2F4-D8C6-863E127679FC}.Debug|Any CPU.Build.0 = Debug|Any CPU
		{42EAB2E1-4446-F2F4-D8C6-863E127679FC}.Release|Any CPU.ActiveCfg = Release|Any CPU
		{42EAB2E1-4446-F2F4-D8C6-863E127679FC}.Release|Any CPU.Build.0 = Release|Any CPU
		{2F27D951-1304-5F45-0499-8AAF9FCF93FE}.Debug|Any CPU.ActiveCfg = Debug|Any CPU
		{2F27D951-1304-5F45-0499-8AAF9FCF93FE}.Debug|Any CPU.Build.0 = Debug|Any CPU
		{2F27D951-1304-5F45-0499-8AAF9FCF93FE}.Release|Any CPU.ActiveCfg = Release|Any CPU
		{2F27D951-1304-5F45-0499-8AAF9FCF93FE}.Release|Any CPU.Build.0 = Release|Any CPU
		{CC84B15B-69F0-14D4-FEEB-8C0A6C55C9EC}.Debug|Any CPU.ActiveCfg = Debug|Any CPU
		{CC84B15B-69F0-14D4-FEEB-8C0A6C55C9EC}.Debug|Any CPU.Build.0 = Debug|Any CPU
		{CC84B15B-69F0-14D4-FEEB-8C0A6C55C9EC}.Release|Any CPU.ActiveCfg = Release|Any CPU
		{CC84B15B-69F0-14D4-FEEB-8C0A6C55C9EC}.Release|Any CPU.Build.0 = Release|Any CPU
		{B8228475-A42D-14EE-F7F8-AF5303588658}.Debug|Any CPU.ActiveCfg = Debug|Any CPU
		{B8228475-A42D-14EE-F7F8-AF5303588658}.Debug|Any CPU.Build.0 = Debug|Any CPU
		{B8228475-A42D-14EE-F7F8-AF5303588658}.Release|Any CPU.ActiveCfg = Release|Any CPU
		{B8228475-A42D-14EE-F7F8-AF5303588658}.Release|Any CPU.Build.0 = Release|Any CPU
		{34A00E8C-199E-CFA6-B5DC-D1DBA25B7C5F}.Debug|Any CPU.ActiveCfg = Debug|Any CPU
		{34A00E8C-199E-CFA6-B5DC-D1DBA25B7C5F}.Debug|Any CPU.Build.0 = Debug|Any CPU
		{34A00E8C-199E-CFA6-B5DC-D1DBA25B7C5F}.Release|Any CPU.ActiveCfg = Release|Any CPU
		{34A00E8C-199E-CFA6-B5DC-D1DBA25B7C5F}.Release|Any CPU.Build.0 = Release|Any CPU
		{FA8C27C0-384E-63B5-A1E8-3D20281C0323}.Debug|Any CPU.ActiveCfg = Debug|Any CPU
		{FA8C27C0-384E-63B5-A1E8-3D20281C0323}.Debug|Any CPU.Build.0 = Debug|Any CPU
		{FA8C27C0-384E-63B5-A1E8-3D20281C0323}.Release|Any CPU.ActiveCfg = Release|Any CPU
		{FA8C27C0-384E-63B5-A1E8-3D20281C0323}.Release|Any CPU.Build.0 = Release|Any CPU
		{77CB30ED-20DC-1BFA-3398-53CE039EBE67}.Debug|Any CPU.ActiveCfg = Debug|Any CPU
		{77CB30ED-20DC-1BFA-3398-53CE039EBE67}.Debug|Any CPU.Build.0 = Debug|Any CPU
		{77CB30ED-20DC-1BFA-3398-53CE039EBE67}.Release|Any CPU.ActiveCfg = Release|Any CPU
		{77CB30ED-20DC-1BFA-3398-53CE039EBE67}.Release|Any CPU.Build.0 = Release|Any CPU
		{2709D57E-0827-03C2-C20B-2D53ACD728D3}.Debug|Any CPU.ActiveCfg = Debug|Any CPU
		{2709D57E-0827-03C2-C20B-2D53ACD728D3}.Debug|Any CPU.Build.0 = Debug|Any CPU
		{2709D57E-0827-03C2-C20B-2D53ACD728D3}.Release|Any CPU.ActiveCfg = Release|Any CPU
		{2709D57E-0827-03C2-C20B-2D53ACD728D3}.Release|Any CPU.Build.0 = Release|Any CPU
		{71BB2C34-E97F-84AF-9151-DF58B1AAE7CC}.Debug|Any CPU.ActiveCfg = Debug|Any CPU
		{71BB2C34-E97F-84AF-9151-DF58B1AAE7CC}.Debug|Any CPU.Build.0 = Debug|Any CPU
		{71BB2C34-E97F-84AF-9151-DF58B1AAE7CC}.Release|Any CPU.ActiveCfg = Release|Any CPU
		{71BB2C34-E97F-84AF-9151-DF58B1AAE7CC}.Release|Any CPU.Build.0 = Release|Any CPU
		{B1A5E695-6653-F30B-5113-82D8D75B76D2}.Debug|Any CPU.ActiveCfg = Debug|Any CPU
		{B1A5E695-6653-F30B-5113-82D8D75B76D2}.Debug|Any CPU.Build.0 = Debug|Any CPU
		{B1A5E695-6653-F30B-5113-82D8D75B76D2}.Release|Any CPU.ActiveCfg = Release|Any CPU
		{B1A5E695-6653-F30B-5113-82D8D75B76D2}.Release|Any CPU.Build.0 = Release|Any CPU
		{5782AEDB-68B2-5CD2-D39C-6BAC655E7693}.Debug|Any CPU.ActiveCfg = Debug|Any CPU
		{5782AEDB-68B2-5CD2-D39C-6BAC655E7693}.Debug|Any CPU.Build.0 = Debug|Any CPU
		{5782AEDB-68B2-5CD2-D39C-6BAC655E7693}.Release|Any CPU.ActiveCfg = Release|Any CPU
		{5782AEDB-68B2-5CD2-D39C-6BAC655E7693}.Release|Any CPU.Build.0 = Release|Any CPU
		{C38F90B3-02E7-9C21-C832-71204C98E78C}.Debug|Any CPU.ActiveCfg = Debug|Any CPU
		{C38F90B3-02E7-9C21-C832-71204C98E78C}.Debug|Any CPU.Build.0 = Debug|Any CPU
		{C38F90B3-02E7-9C21-C832-71204C98E78C}.Release|Any CPU.ActiveCfg = Release|Any CPU
		{C38F90B3-02E7-9C21-C832-71204C98E78C}.Release|Any CPU.Build.0 = Release|Any CPU
	EndGlobalSection
	GlobalSection(SolutionProperties) = preSolution
		HideSolutionNode = FALSE
	EndGlobalSection
	GlobalSection(NestedProjects) = preSolution
		{C38F90B3-02E7-9C21-C832-71204C98E78C} = {3476D559-3C75-616B-2E7B-2BCF592B89AA}
	EndGlobalSection
	GlobalSection(ExtensibilityGlobals) = postSolution
		SolutionGuid = {7A7E9744-A703-428E-8A94-2D89CF72D571}
	EndGlobalSection
EndGlobal
